
Microsoft Visual Studio Solution File, Format Version 12.00
# Visual Studio 15
Project("{FAE04EC0-301F-11D3-BF4B-00C04F79EFBC}") = "FullPotential.Standard", "FullPotential.Standard.csproj", "{F272141B-5CCC-CCE4-2E8B-FED8D9A3AE94}"
EndProject
Project("{FAE04EC0-301F-11D3-BF4B-00C04F79EFBC}") = "FullPotential.Api", "FullPotential.Api.csproj", "{4AD09B11-73EC-6563-09EC-5085EB538910}"
EndProject
Project("{FAE04EC0-301F-11D3-BF4B-00C04F79EFBC}") = "FullPotential.Core", "FullPotential.Core.csproj", "{40426DF3-0F70-D713-21A2-57984F8B9394}"
EndProject
Project("{FAE04EC0-301F-11D3-BF4B-00C04F79EFBC}") = "Assembly-CSharp", "Assembly-CSharp.csproj", "{F5187F1D-07B1-6C52-5DF2-E87296060BE8}"
EndProject
Project("{FAE04EC0-301F-11D3-BF4B-00C04F79EFBC}") = "FullPotential.Api.IntegrationTests", "FullPotential.Api.IntegrationTests.csproj", "{FF6C143C-CEB8-81BE-A794-FE099653FDCA}"
EndProject
Project("{FAE04EC0-301F-11D3-BF4B-00C04F79EFBC}") = "ParrelSync", "ParrelSync.csproj", "{BF121977-286D-DAA1-BFC2-80AC95FB2F30}"
EndProject
Project("{FAE04EC0-301F-11D3-BF4B-00C04F79EFBC}") = "FullPotential.Api.Tests", "FullPotential.Api.Tests.csproj", "{B0B02D91-C3AD-031B-84F3-3AC93048CF89}"
EndProject
Project("{FAE04EC0-301F-11D3-BF4B-00C04F79EFBC}") = "Assembly-CSharp-Editor", "Assembly-CSharp-Editor.csproj", "{453978F3-28EB-C3BB-D217-8F8EE36F874A}"
EndProject
Project("{FAE04EC0-301F-11D3-BF4B-00C04F79EFBC}") = "FullPotential.Core.Tests", "FullPotential.Core.Tests.csproj", "{43710FCF-424C-9753-7C2B-BE346A181B02}"
EndProject
Global
	GlobalSection(SolutionConfigurationPlatforms) = preSolution
		Debug|Any CPU = Debug|Any CPU
		Release|Any CPU = Release|Any CPU
	EndGlobalSection
	GlobalSection(ProjectConfigurationPlatforms) = postSolution
		{F272141B-5CCC-CCE4-2E8B-FED8D9A3AE94}.Debug|Any CPU.ActiveCfg = Debug|Any CPU
		{F272141B-5CCC-CCE4-2E8B-FED8D9A3AE94}.Debug|Any CPU.Build.0 = Debug|Any CPU
		{F272141B-5CCC-CCE4-2E8B-FED8D9A3AE94}.Release|Any CPU.ActiveCfg = Release|Any CPU
		{F272141B-5CCC-CCE4-2E8B-FED8D9A3AE94}.Release|Any CPU.Build.0 = Release|Any CPU
		{4AD09B11-73EC-6563-09EC-5085EB538910}.Debug|Any CPU.ActiveCfg = Debug|Any CPU
		{4AD09B11-73EC-6563-09EC-5085EB538910}.Debug|Any CPU.Build.0 = Debug|Any CPU
		{4AD09B11-73EC-6563-09EC-5085EB538910}.Release|Any CPU.ActiveCfg = Release|Any CPU
		{4AD09B11-73EC-6563-09EC-5085EB538910}.Release|Any CPU.Build.0 = Release|Any CPU
		{40426DF3-0F70-D713-21A2-57984F8B9394}.Debug|Any CPU.ActiveCfg = Debug|Any CPU
		{40426DF3-0F70-D713-21A2-57984F8B9394}.Debug|Any CPU.Build.0 = Debug|Any CPU
		{40426DF3-0F70-D713-21A2-57984F8B9394}.Release|Any CPU.ActiveCfg = Release|Any CPU
		{40426DF3-0F70-D713-21A2-57984F8B9394}.Release|Any CPU.Build.0 = Release|Any CPU
		{F5187F1D-07B1-6C52-5DF2-E87296060BE8}.Debug|Any CPU.ActiveCfg = Debug|Any CPU
		{F5187F1D-07B1-6C52-5DF2-E87296060BE8}.Debug|Any CPU.Build.0 = Debug|Any CPU
		{F5187F1D-07B1-6C52-5DF2-E87296060BE8}.Release|Any CPU.ActiveCfg = Release|Any CPU
		{F5187F1D-07B1-6C52-5DF2-E87296060BE8}.Release|Any CPU.Build.0 = Release|Any CPU
		{FF6C143C-CEB8-81BE-A794-FE099653FDCA}.Debug|Any CPU.ActiveCfg = Debug|Any CPU
		{FF6C143C-CEB8-81BE-A794-FE099653FDCA}.Debug|Any CPU.Build.0 = Debug|Any CPU
		{FF6C143C-CEB8-81BE-A794-FE099653FDCA}.Release|Any CPU.ActiveCfg = Release|Any CPU
		{FF6C143C-CEB8-81BE-A794-FE099653FDCA}.Release|Any CPU.Build.0 = Release|Any CPU
		{BF121977-286D-DAA1-BFC2-80AC95FB2F30}.Debug|Any CPU.ActiveCfg = Debug|Any CPU
		{BF121977-286D-DAA1-BFC2-80AC95FB2F30}.Debug|Any CPU.Build.0 = Debug|Any CPU
		{BF121977-286D-DAA1-BFC2-80AC95FB2F30}.Release|Any CPU.ActiveCfg = Release|Any CPU
		{BF121977-286D-DAA1-BFC2-80AC95FB2F30}.Release|Any CPU.Build.0 = Release|Any CPU
		{B0B02D91-C3AD-031B-84F3-3AC93048CF89}.Debug|Any CPU.ActiveCfg = Debug|Any CPU
		{B0B02D91-C3AD-031B-84F3-3AC93048CF89}.Debug|Any CPU.Build.0 = Debug|Any CPU
		{B0B02D91-C3AD-031B-84F3-3AC93048CF89}.Release|Any CPU.ActiveCfg = Release|Any CPU
		{B0B02D91-C3AD-031B-84F3-3AC93048CF89}.Release|Any CPU.Build.0 = Release|Any CPU
		{453978F3-28EB-C3BB-D217-8F8EE36F874A}.Debug|Any CPU.ActiveCfg = Debug|Any CPU
		{453978F3-28EB-C3BB-D217-8F8EE36F874A}.Debug|Any CPU.Build.0 = Debug|Any CPU
		{453978F3-28EB-C3BB-D217-8F8EE36F874A}.Release|Any CPU.ActiveCfg = Release|Any CPU
		{453978F3-28EB-C3BB-D217-8F8EE36F874A}.Release|Any CPU.Build.0 = Release|Any CPU
		{43710FCF-424C-9753-7C2B-BE346A181B02}.Debug|Any CPU.ActiveCfg = Debug|Any CPU
		{43710FCF-424C-9753-7C2B-BE346A181B02}.Debug|Any CPU.Build.0 = Debug|Any CPU
		{43710FCF-424C-9753-7C2B-BE346A181B02}.Release|Any CPU.ActiveCfg = Release|Any CPU
		{43710FCF-424C-9753-7C2B-BE346A181B02}.Release|Any CPU.Build.0 = Release|Any CPU
	EndGlobalSection
	GlobalSection(SolutionProperties) = preSolution
		HideSolutionNode = FALSE
	EndGlobalSection
EndGlobal
