<Solution>
  <Project Path="FullPotential.Core.csproj" />
  <Project Path="FullPotential.Api.csproj" />
  <Project Path="FullPotential.Standard.csproj" />
  <Project Path="FullPotential.Api.Tests.csproj" />
  <Project Path="FullPotential.Api.IntegrationTests.csproj" />
  <Project Path="FullPotential.Core.Tests.csproj" />
</Solution>
